
Microsoft Visual Studio Solution File, Format Version 12.00
# Visual Studio 14
VisualStudioVersion = 14.0.25420.1
MinimumVisualStudioVersion = 10.0.40219.1
Project("{2150E333-8FDC-42A3-9474-1A3956D46DE8}") = "src", "src", "{01B4AAC1-4581-4A90-BB8A-ED0219607F65}"
EndProject
Project("{2150E333-8FDC-42A3-9474-1A3956D46DE8}") = "Solution Items", "Solution Items", "{6534C372-7DD6-4D55-A87E-652A5FBF7397}"
	ProjectSection(SolutionItems) = preProject
		global.json = global.json
	EndProjectSection
EndProject
Project("{8BB2217D-0F2D-49D1-97BC-3654ED321F3B}") = "ErrorHandling", "src\ErrorHandling\ErrorHandling.xproj", "{A892FD3E-099C-4348-87E8-3EC108A9222B}"
EndProject
Global
	GlobalSection(SolutionConfigurationPlatforms) = preSolution
		Debug|Any CPU = Debug|Any CPU
		Release|Any CPU = Release|Any CPU
	EndGlobalSection
	GlobalSection(ProjectConfigurationPlatforms) = postSolution
		{A892FD3E-099C-4348-87E8-3EC108A9222B}.Debug|Any CPU.ActiveCfg = Debug|Any CPU
		{A892FD3E-099C-4348-87E8-3EC108A9222B}.Debug|Any CPU.Build.0 = Debug|Any CPU
		{A892FD3E-099C-4348-87E8-3EC108A9222B}.Release|Any CPU.ActiveCfg = Release|Any CPU
		{A892FD3E-099C-4348-87E8-3EC108A9222B}.Release|Any CPU.Build.0 = Release|Any CPU
	EndGlobalSection
	GlobalSection(SolutionProperties) = preSolution
		HideSolutionNode = FALSE
	EndGlobalSection
	GlobalSection(NestedProjects) = preSolution
		{A892FD3E-099C-4348-87E8-3EC108A9222B} = {01B4AAC1-4581-4A90-BB8A-ED0219607F65}
	EndGlobalSection
EndGlobal
